
Microsoft Visual Studio Solution File, Format Version 12.00
# Visual Studio Version 16
VisualStudioVersion = 16.0.31613.86
MinimumVisualStudioVersion = 10.0.40219.1
Project("{9A19103F-16F7-4668-BE54-9A1E7A4F7556}") = "Entidades", "Entidades\Entidades.csproj", "{8E3C6CA1-AE11-4BEF-AE39-7A7B594ED0B1}"
EndProject
Project("{FAE04EC0-301F-11D3-BF4B-00C04F79EFBC}") = "MiCalculadora", "MiCalculadora\MiCalculadora.csproj", "{B0F7B13B-A2B6-4C1B-B269-0127217B3813}"
EndProject
Global
	GlobalSection(SolutionConfigurationPlatforms) = preSolution
		Debug|Any CPU = Debug|Any CPU
		Release|Any CPU = Release|Any CPU
	EndGlobalSection
	GlobalSection(ProjectConfigurationPlatforms) = postSolution
		{8E3C6CA1-AE11-4BEF-AE39-7A7B594ED0B1}.Debug|Any CPU.ActiveCfg = Debug|Any CPU
		{8E3C6CA1-AE11-4BEF-AE39-7A7B594ED0B1}.Debug|Any CPU.Build.0 = Debug|Any CPU
		{8E3C6CA1-AE11-4BEF-AE39-7A7B594ED0B1}.Release|Any CPU.ActiveCfg = Release|Any CPU
		{8E3C6CA1-AE11-4BEF-AE39-7A7B594ED0B1}.Release|Any CPU.Build.0 = Release|Any CPU
		{B0F7B13B-A2B6-4C1B-B269-0127217B3813}.Debug|Any CPU.ActiveCfg = Debug|Any CPU
		{B0F7B13B-A2B6-4C1B-B269-0127217B3813}.Debug|Any CPU.Build.0 = Debug|Any CPU
		{B0F7B13B-A2B6-4C1B-B269-0127217B3813}.Release|Any CPU.ActiveCfg = Release|Any CPU
		{B0F7B13B-A2B6-4C1B-B269-0127217B3813}.Release|Any CPU.Build.0 = Release|Any CPU
	EndGlobalSection
	GlobalSection(SolutionProperties) = preSolution
		HideSolutionNode = FALSE
	EndGlobalSection
	GlobalSection(ExtensibilityGlobals) = postSolution
		SolutionGuid = {31E41206-3373-42F2-BF68-B632D5F878E9}
	EndGlobalSection
EndGlobal
